{
  "requires": true,
  "lockfileVersion": 1,
  "dependencies": {
    "acorn": {
      "version": "5.7.1",
      "resolved": "https://registry.npmjs.org/acorn/-/acorn-5.7.1.tgz",
      "integrity": "sha512-d+nbxBUGKg7Arpsvbnlq61mc12ek3EY8EQldM3GPAhWJ1UVxC6TDGbIvUMNU6obBX3i1+ptCIzV4vq0gFPEGVQ=="
    },
    "escodegen": {
      "version": "1.10.0",
      "resolved": "https://registry.npmjs.org/escodegen/-/escodegen-1.10.0.tgz",
      "integrity": "sha512-fjUOf8johsv23WuIKdNQU4P9t9jhQ4Qzx6pC2uW890OloK3Zs1ZAoCNpg/2larNF501jLl3UNy0kIRcF6VI22g==",
      "requires": {
        "esprima": "3.1.3",
        "estraverse": "4.2.0",
        "esutils": "2.0.2",
        "optionator": "0.8.2",
        "source-map": "0.6.1"
      },
      "dependencies": {
        "esprima": {
          "version": "3.1.3",
          "resolved": "https://registry.npmjs.org/esprima/-/esprima-3.1.3.tgz",
          "integrity": "sha1-/cpRzuYTOJXjyI1TXOSdv/YqRjM="
        },
        "esutils": {
          "version": "2.0.2",
          "resolved": "https://registry.npmjs.org/esutils/-/esutils-2.0.2.tgz",
          "integrity": "sha1-Cr9PHKpbyx96nYrMbepPqqBLrJs="
        },
        "source-map": {
          "version": "0.6.1",
          "resolved": "https://registry.npmjs.org/source-map/-/source-map-0.6.1.tgz",
          "integrity": "sha512-UjgapumWlbMhkBgzT7Ykc5YXUT46F0iKu8SGXq0bcwP5dz/h0Plj6enJqjz1Zbq2l5WaqYnrVbwWOWMyF3F47g==",
          "optional": true
        }
      }
    },
    "esprima": {
      "version": "4.0.0",
      "resolved": "https://registry.npmjs.org/esprima/-/esprima-4.0.0.tgz",
      "integrity": "sha512-oftTcaMu/EGrEIu904mWteKIv8vMuOgGYo7EhVJJN00R/EED9DCua/xxHRdYnKtcECzVg7xOWhflvJMnqcFZjw=="
    },
    "estraverse": {
      "version": "4.2.0",
      "resolved": "https://registry.npmjs.org/estraverse/-/estraverse-4.2.0.tgz",
      "integrity": "sha1-De4/7TH81GlhjOc0IJn8GvoL2xM="
    },
    "levn": {
      "version": "0.3.0",
      "resolved": "https://registry.npmjs.org/levn/-/levn-0.3.0.tgz",
      "integrity": "sha1-OwmSTt+fCDwEkP3UwLxEIeBHZO4=",
      "requires": {
        "prelude-ls": "1.1.2",
        "type-check": "0.3.2"
      },
      "dependencies": {
        "prelude-ls": {
          "version": "1.1.2",
          "resolved": "https://registry.npmjs.org/prelude-ls/-/prelude-ls-1.1.2.tgz",
          "integrity": "sha1-IZMqVJ9eUv/ZqCf1cOBL5iqX2lQ="
        },
        "type-check": {
          "version": "0.3.2",
          "resolved": "https://registry.npmjs.org/type-check/-/type-check-0.3.2.tgz",
          "integrity": "sha1-WITKtRLPHTVeP7eE8wgEsrUg23I=",
          "requires": {
            "prelude-ls": "1.1.2"
          }
        }
      }
    },
    "optionator": {
      "version": "0.8.2",
      "resolved": "https://registry.npmjs.org/optionator/-/optionator-0.8.2.tgz",
      "integrity": "sha1-NkxeQJ0/TWMB1sC0wFu6UBgK62Q=",
      "requires": {
        "deep-is": "0.1.3",
        "fast-levenshtein": "2.0.6",
        "levn": "0.3.0",
        "prelude-ls": "1.1.2",
        "type-check": "0.3.2",
        "wordwrap": "1.0.0"
      },
      "dependencies": {
        "deep-is": {
          "version": "0.1.3",
          "resolved": "https://registry.npmjs.org/deep-is/-/deep-is-0.1.3.tgz",
          "integrity": "sha1-s2nW+128E+7PUk+RsHD+7cNXzzQ="
        },
        "fast-levenshtein": {
          "version": "2.0.6",
          "resolved": "https://registry.npmjs.org/fast-levenshtein/-/fast-levenshtein-2.0.6.tgz",
          "integrity": "sha1-PYpcZog6FqMMqGQ+hR8Zuqd5eRc="
        },
        "prelude-ls": {
          "version": "1.1.2",
          "resolved": "https://registry.npmjs.org/prelude-ls/-/prelude-ls-1.1.2.tgz",
          "integrity": "sha1-IZMqVJ9eUv/ZqCf1cOBL5iqX2lQ="
        },
        "type-check": {
          "version": "0.3.2",
          "resolved": "https://registry.npmjs.org/type-check/-/type-check-0.3.2.tgz",
          "integrity": "sha1-WITKtRLPHTVeP7eE8wgEsrUg23I=",
          "requires": {
            "prelude-ls": "1.1.2"
          }
        },
        "wordwrap": {
          "version": "1.0.0",
          "resolved": "https://registry.npmjs.org/wordwrap/-/wordwrap-1.0.0.tgz",
          "integrity": "sha1-J1hIEIkUVqQXHI0CJkQa3pDLyus="
        }
      }
    },
    "underscore": {
      "version": "1.9.1",
      "resolved": "https://registry.npmjs.org/underscore/-/underscore-1.9.1.tgz",
      "integrity": "sha512-5/4etnCkd9c8gwgowi5/om/mYO5ajCaOgdzj/oW+0eQV9WxKBDZw5+ycmKmeaTXjInS/W0BzpGLo2xR2aBwZdg=="
    }
  }
}
